
Microsoft Visual Studio Solution File, Format Version 11.00
# Visual Studio 2010
Project("{8BC9CEB8-8B4A-11D0-8D11-00A0C91BC942}") = "170428 while", "170428 while\170428 while.vcxproj", "{0D0F3C91-234B-48BF-B437-C1159C0A0FEB}"
EndProject
Global
	GlobalSection(SolutionConfigurationPlatforms) = preSolution
		Debug|Win32 = Debug|Win32
		Release|Win32 = Release|Win32
	EndGlobalSection
	GlobalSection(ProjectConfigurationPlatforms) = postSolution
		{0D0F3C91-234B-48BF-B437-C1159C0A0FEB}.Debug|Win32.ActiveCfg = Debug|Win32
		{0D0F3C91-234B-48BF-B437-C1159C0A0FEB}.Debug|Win32.Build.0 = Debug|Win32
		{0D0F3C91-234B-48BF-B437-C1159C0A0FEB}.Release|Win32.ActiveCfg = Release|Win32
		{0D0F3C91-234B-48BF-B437-C1159C0A0FEB}.Release|Win32.Build.0 = Release|Win32
	EndGlobalSection
	GlobalSection(SolutionProperties) = preSolution
		HideSolutionNode = FALSE
	EndGlobalSection
EndGlobal
