
Microsoft Visual Studio Solution File, Format Version 12.00
# Visual Studio Version 16
VisualStudioVersion = 16.0.31112.23
MinimumVisualStudioVersion = 10.0.40219.1
Project("{9A19103F-16F7-4668-BE54-9A1E7A4F7556}") = "RemoveMetaFile", "RemoveMetaFile\RemoveMetaFile.csproj", "{0635DC58-30D0-4100-B634-B110B5A658BE}"
EndProject
Global
	GlobalSection(SolutionConfigurationPlatforms) = preSolution
		Debug|Any CPU = Debug|Any CPU
		Release|Any CPU = Release|Any CPU
	EndGlobalSection
	GlobalSection(ProjectConfigurationPlatforms) = postSolution
		{0635DC58-30D0-4100-B634-B110B5A658BE}.Debug|Any CPU.ActiveCfg = Release|Any CPU
		{0635DC58-30D0-4100-B634-B110B5A658BE}.Debug|Any CPU.Build.0 = Release|Any CPU
		{0635DC58-30D0-4100-B634-B110B5A658BE}.Release|Any CPU.ActiveCfg = Release|Any CPU
		{0635DC58-30D0-4100-B634-B110B5A658BE}.Release|Any CPU.Build.0 = Release|Any CPU
	EndGlobalSection
	GlobalSection(SolutionProperties) = preSolution
		HideSolutionNode = FALSE
	EndGlobalSection
	GlobalSection(ExtensibilityGlobals) = postSolution
		SolutionGuid = {ABB8743B-AC35-455C-8A94-FF3DA1E0F4B6}
	EndGlobalSection
EndGlobal
