
Microsoft Visual Studio Solution File, Format Version 11.00
# Visual Studio 2010
Project("{8BC9CEB8-8B4A-11D0-8D11-00A0C91BC942}") = "170504 pointer", "170504 pointer\170504 pointer.vcxproj", "{ECBF07B0-38B7-47F2-A9A4-A909FD6C22BA}"
EndProject
Global
	GlobalSection(SolutionConfigurationPlatforms) = preSolution
		Debug|Win32 = Debug|Win32
		Release|Win32 = Release|Win32
	EndGlobalSection
	GlobalSection(ProjectConfigurationPlatforms) = postSolution
		{ECBF07B0-38B7-47F2-A9A4-A909FD6C22BA}.Debug|Win32.ActiveCfg = Debug|Win32
		{ECBF07B0-38B7-47F2-A9A4-A909FD6C22BA}.Debug|Win32.Build.0 = Debug|Win32
		{ECBF07B0-38B7-47F2-A9A4-A909FD6C22BA}.Release|Win32.ActiveCfg = Release|Win32
		{ECBF07B0-38B7-47F2-A9A4-A909FD6C22BA}.Release|Win32.Build.0 = Release|Win32
	EndGlobalSection
	GlobalSection(SolutionProperties) = preSolution
		HideSolutionNode = FALSE
	EndGlobalSection
EndGlobal
