<?xml version="1.0" encoding="utf-8"?>
<Project ToolsVersion="4.0" xmlns="http://schemas.microsoft.com/developer/msbuild/2003">
  <ItemGroup>
    <Filter Include="Source Files">
      <UniqueIdentifier>{4FC737F1-C7A5-4376-A066-2A32D752A2FF}</UniqueIdentifier>
      <Extensions>cpp;c;cc;cxx;def;odl;idl;hpj;bat;asm;asmx</Extensions>
    </Filter>
    <Filter Include="Header Files">
      <UniqueIdentifier>{93995380-89BD-4b04-88EB-625FBE52EBFB}</UniqueIdentifier>
      <Extensions>h;hh;hpp;hxx;hm;inl;inc;xsd</Extensions>
    </Filter>
    <Filter Include="Resource Files">
      <UniqueIdentifier>{67DA6AB6-F800-4c08-8B7A-83BB121AAD01}</UniqueIdentifier>
      <Extensions>rc;ico;cur;bmp;dlg;rc2;rct;bin;rgs;gif;jpg;jpeg;jpe;resx;tiff;tif;png;wav;mfcribbon-ms</Extensions>
    </Filter>
    <Filter Include="Source Files\MainGame">
      <UniqueIdentifier>{869c2013-6b44-4c00-b4de-ae6a81d30ba3}</UniqueIdentifier>
    </Filter>
    <Filter Include="Source Files\MainGame\Obj">
      <UniqueIdentifier>{6fed28bb-19c6-4737-9462-0c0aad68c983}</UniqueIdentifier>
    </Filter>
    <Filter Include="Source Files\MainGame\Obj\Player">
      <UniqueIdentifier>{9d508653-a745-4b47-a83e-0966b5c738fb}</UniqueIdentifier>
    </Filter>
  </ItemGroup>
  <ItemGroup>
    <ClInclude Include="Define.h">
      <Filter>Header Files</Filter>
    </ClInclude>
    <ClInclude Include="Player.h">
      <Filter>Source Files\MainGame\Obj\Player</Filter>
    </ClInclude>
    <ClInclude Include="MainGame.h">
      <Filter>Source Files</Filter>
    </ClInclude>
    <ClInclude Include="Obj.h">
      <Filter>Source Files\MainGame\Obj</Filter>
    </ClInclude>
    <ClInclude Include="Struct.h">
      <Filter>Source Files</Filter>
    </ClInclude>
  </ItemGroup>
  <ItemGroup>
    <ClCompile Include="main.cpp">
      <Filter>Source Files</Filter>
    </ClCompile>
    <ClCompile Include="MainGame.cpp">
      <Filter>Source Files\MainGame</Filter>
    </ClCompile>
    <ClCompile Include="Player.cpp">
      <Filter>Source Files\MainGame\Obj\Player</Filter>
    </ClCompile>
    <ClCompile Include="Obj.cpp">
      <Filter>Source Files\MainGame\Obj</Filter>
    </ClCompile>
  </ItemGroup>
</Project>