
Microsoft Visual Studio Solution File, Format Version 12.00
# Visual Studio 2017
Project("{FAE04EC0-301F-11D3-BF4B-00C04F79EFBC}") = "탄창 시뮬레이션", "탄창 시뮬레이션.csproj", "{4E8C52A7-45B9-5C59-BF2B-8AD5E28976DA}"
EndProject
Global
	GlobalSection(SolutionConfigurationPlatforms) = preSolution
		Debug|Any CPU = Debug|Any CPU
		Release|Any CPU = Release|Any CPU
	EndGlobalSection
	GlobalSection(ProjectConfigurationPlatforms) = postSolution
		{4E8C52A7-45B9-5C59-BF2B-8AD5E28976DA}.Debug|Any CPU.ActiveCfg = Debug|Any CPU
		{4E8C52A7-45B9-5C59-BF2B-8AD5E28976DA}.Debug|Any CPU.Build.0 = Debug|Any CPU
		{4E8C52A7-45B9-5C59-BF2B-8AD5E28976DA}.Release|Any CPU.ActiveCfg = Release|Any CPU
		{4E8C52A7-45B9-5C59-BF2B-8AD5E28976DA}.Release|Any CPU.Build.0 = Release|Any CPU
	EndGlobalSection
	GlobalSection(SolutionProperties) = preSolution
		HideSolutionNode = FALSE
	EndGlobalSection
EndGlobal
