
Microsoft Visual Studio Solution File, Format Version 11.00
# Visual Studio 2010
Project("{8BC9CEB8-8B4A-11D0-8D11-00A0C91BC942}") = "170519bit_operator", "170519bit_operator\170519bit_operator.vcxproj", "{305CC2C1-BC71-4355-8DC8-37D9385C6DEA}"
EndProject
Global
	GlobalSection(SolutionConfigurationPlatforms) = preSolution
		Debug|Win32 = Debug|Win32
		Release|Win32 = Release|Win32
	EndGlobalSection
	GlobalSection(ProjectConfigurationPlatforms) = postSolution
		{305CC2C1-BC71-4355-8DC8-37D9385C6DEA}.Debug|Win32.ActiveCfg = Debug|Win32
		{305CC2C1-BC71-4355-8DC8-37D9385C6DEA}.Debug|Win32.Build.0 = Debug|Win32
		{305CC2C1-BC71-4355-8DC8-37D9385C6DEA}.Release|Win32.ActiveCfg = Release|Win32
		{305CC2C1-BC71-4355-8DC8-37D9385C6DEA}.Release|Win32.Build.0 = Release|Win32
	EndGlobalSection
	GlobalSection(SolutionProperties) = preSolution
		HideSolutionNode = FALSE
	EndGlobalSection
EndGlobal
