
Microsoft Visual Studio Solution File, Format Version 11.00
# Visual Studio 2010
Project("{8BC9CEB8-8B4A-11D0-8D11-00A0C91BC942}") = "C_FrameWork", "C_FrameWork\C_FrameWork.vcxproj", "{9630F9BE-FD52-4CB4-9624-B7E14725270B}"
EndProject
Global
	GlobalSection(SolutionConfigurationPlatforms) = preSolution
		Debug|Win32 = Debug|Win32
		Release|Win32 = Release|Win32
	EndGlobalSection
	GlobalSection(ProjectConfigurationPlatforms) = postSolution
		{9630F9BE-FD52-4CB4-9624-B7E14725270B}.Debug|Win32.ActiveCfg = Debug|Win32
		{9630F9BE-FD52-4CB4-9624-B7E14725270B}.Debug|Win32.Build.0 = Debug|Win32
		{9630F9BE-FD52-4CB4-9624-B7E14725270B}.Release|Win32.ActiveCfg = Release|Win32
		{9630F9BE-FD52-4CB4-9624-B7E14725270B}.Release|Win32.Build.0 = Release|Win32
	EndGlobalSection
	GlobalSection(SolutionProperties) = preSolution
		HideSolutionNode = FALSE
	EndGlobalSection
EndGlobal
