
Microsoft Visual Studio Solution File, Format Version 11.00
# Visual Studio 2010
Project("{8BC9CEB8-8B4A-11D0-8D11-00A0C91BC942}") = "170427 return_returnning type", "170427 return_returnning type\170427 return_returnning type.vcxproj", "{B426C8F7-6C2B-4E3A-BC6E-CACC5A8BD1FD}"
EndProject
Global
	GlobalSection(SolutionConfigurationPlatforms) = preSolution
		Debug|Win32 = Debug|Win32
		Release|Win32 = Release|Win32
	EndGlobalSection
	GlobalSection(ProjectConfigurationPlatforms) = postSolution
		{B426C8F7-6C2B-4E3A-BC6E-CACC5A8BD1FD}.Debug|Win32.ActiveCfg = Debug|Win32
		{B426C8F7-6C2B-4E3A-BC6E-CACC5A8BD1FD}.Debug|Win32.Build.0 = Debug|Win32
		{B426C8F7-6C2B-4E3A-BC6E-CACC5A8BD1FD}.Release|Win32.ActiveCfg = Release|Win32
		{B426C8F7-6C2B-4E3A-BC6E-CACC5A8BD1FD}.Release|Win32.Build.0 = Release|Win32
	EndGlobalSection
	GlobalSection(SolutionProperties) = preSolution
		HideSolutionNode = FALSE
	EndGlobalSection
EndGlobal
